
Microsoft Visual Studio Solution File, Format Version 12.00
# Visual Studio Version 16
VisualStudioVersion = 16.0.29905.134
MinimumVisualStudioVersion = 10.0.40219.1
Project("{FAE04EC0-301F-11D3-BF4B-00C04F79EFBC}") = "WindowsFormsApp14DBproject", "WindowsFormsApp14DBproject\WindowsFormsApp14DBproject.csproj", "{CA16F921-8512-41D8-A05E-4DE8B52CA1D9}"
EndProject
Global
	GlobalSection(SolutionConfigurationPlatforms) = preSolution
		Debug|Any CPU = Debug|Any CPU
		Release|Any CPU = Release|Any CPU
	EndGlobalSection
	GlobalSection(ProjectConfigurationPlatforms) = postSolution
		{CA16F921-8512-41D8-A05E-4DE8B52CA1D9}.Debug|Any CPU.ActiveCfg = Debug|Any CPU
		{CA16F921-8512-41D8-A05E-4DE8B52CA1D9}.Debug|Any CPU.Build.0 = Debug|Any CPU
		{CA16F921-8512-41D8-A05E-4DE8B52CA1D9}.Release|Any CPU.ActiveCfg = Release|Any CPU
		{CA16F921-8512-41D8-A05E-4DE8B52CA1D9}.Release|Any CPU.Build.0 = Release|Any CPU
	EndGlobalSection
	GlobalSection(SolutionProperties) = preSolution
		HideSolutionNode = FALSE
	EndGlobalSection
	GlobalSection(ExtensibilityGlobals) = postSolution
		SolutionGuid = {35AB16B0-5269-4A05-9DB9-D474E66C87F6}
	EndGlobalSection
EndGlobal
